
Microsoft Visual Studio Solution File, Format Version 12.00
# Visual Studio Version 17
VisualStudioVersion = 17.3.32819.101
MinimumVisualStudioVersion = 10.0.40219.1
Project("{FAE04EC0-301F-11D3-BF4B-00C04F79EFBC}") = "ffmpeg-GUI", "ffmpeg-GUI\ffmpeg-GUI.csproj", "{D1F6D6B3-EF23-44C5-A3B2-77B10949C106}"
EndProject
Global
	GlobalSection(SolutionConfigurationPlatforms) = preSolution
		Debug|Any CPU = Debug|Any CPU
		Release|Any CPU = Release|Any CPU
	EndGlobalSection
	GlobalSection(ProjectConfigurationPlatforms) = postSolution
		{D1F6D6B3-EF23-44C5-A3B2-77B10949C106}.Debug|Any CPU.ActiveCfg = Debug|Any CPU
		{D1F6D6B3-EF23-44C5-A3B2-77B10949C106}.Debug|Any CPU.Build.0 = Debug|Any CPU
		{D1F6D6B3-EF23-44C5-A3B2-77B10949C106}.Release|Any CPU.ActiveCfg = Release|Any CPU
		{D1F6D6B3-EF23-44C5-A3B2-77B10949C106}.Release|Any CPU.Build.0 = Release|Any CPU
	EndGlobalSection
	GlobalSection(SolutionProperties) = preSolution
		HideSolutionNode = FALSE
	EndGlobalSection
	GlobalSection(ExtensibilityGlobals) = postSolution
		SolutionGuid = {87C8B04B-4E47-439E-8D30-B4574C69E65A}
	EndGlobalSection
EndGlobal
